
Microsoft Visual Studio Solution File, Format Version 12.00
# Visual Studio Version 16
VisualStudioVersion = 16.0.30114.105
MinimumVisualStudioVersion = 10.0.40219.1
Project("{FAE04EC0-301F-11D3-BF4B-00C04F79EFBC}") = "Domain", "Domain\Domain.csproj", "{A550E1E2-B2E1-4F63-8FE4-24F3F1D0AA7B}"
EndProject
Project("{FAE04EC0-301F-11D3-BF4B-00C04F79EFBC}") = "Infrastructure", "Infrastructure\Infrastructure.csproj", "{B222E214-D133-4706-964A-EC1C864CBA83}"
EndProject
Project("{FAE04EC0-301F-11D3-BF4B-00C04F79EFBC}") = "WebApi", "WebApi\WebApi.csproj", "{84E6D400-6D2F-461A-A34E-7F37AD546FAE}"
EndProject
Global
	GlobalSection(SolutionConfigurationPlatforms) = preSolution
		Debug|Any CPU = Debug|Any CPU
		Release|Any CPU = Release|Any CPU
	EndGlobalSection
	GlobalSection(SolutionProperties) = preSolution
		HideSolutionNode = FALSE
	EndGlobalSection
	GlobalSection(ProjectConfigurationPlatforms) = postSolution
		{A550E1E2-B2E1-4F63-8FE4-24F3F1D0AA7B}.Debug|Any CPU.ActiveCfg = Debug|Any CPU
		{A550E1E2-B2E1-4F63-8FE4-24F3F1D0AA7B}.Debug|Any CPU.Build.0 = Debug|Any CPU
		{A550E1E2-B2E1-4F63-8FE4-24F3F1D0AA7B}.Release|Any CPU.ActiveCfg = Release|Any CPU
		{A550E1E2-B2E1-4F63-8FE4-24F3F1D0AA7B}.Release|Any CPU.Build.0 = Release|Any CPU
		{B222E214-D133-4706-964A-EC1C864CBA83}.Debug|Any CPU.ActiveCfg = Debug|Any CPU
		{B222E214-D133-4706-964A-EC1C864CBA83}.Debug|Any CPU.Build.0 = Debug|Any CPU
		{B222E214-D133-4706-964A-EC1C864CBA83}.Release|Any CPU.ActiveCfg = Release|Any CPU
		{B222E214-D133-4706-964A-EC1C864CBA83}.Release|Any CPU.Build.0 = Release|Any CPU
		{84E6D400-6D2F-461A-A34E-7F37AD546FAE}.Debug|Any CPU.ActiveCfg = Debug|Any CPU
		{84E6D400-6D2F-461A-A34E-7F37AD546FAE}.Debug|Any CPU.Build.0 = Debug|Any CPU
		{84E6D400-6D2F-461A-A34E-7F37AD546FAE}.Release|Any CPU.ActiveCfg = Release|Any CPU
		{84E6D400-6D2F-461A-A34E-7F37AD546FAE}.Release|Any CPU.Build.0 = Release|Any CPU
	EndGlobalSection
EndGlobal
